{
  "name": "date-format-latest",
  "version": "1.0.0",
  "lockfileVersion": 2,
  "requires": true,
  "packages": {
    "": {
      "name": "date-format-latest",
      "version": "1.0.0",
      "license": "ISC",
      "dependencies": {
        "date-format-latest": "^1.0.0"
      }
    },
    "node_modules/date-format-latest": {
      "version": "1.0.0",
      "resolved": "https://registry.npmjs.org/date-format-latest/-/date-format-latest-1.0.0.tgz",
      "integrity": "sha512-hVpF2iw0ZuayqIkTNB7oi9wj7ESNL7BRz5Tq8RR5W+o9AY/h19oNfbgYo/mi8pcaV6Pc+pTc/nWZj3S7bO++WQ=="
    }
  },
  "dependencies": {
    "date-format-latest": {
      "version": "1.0.0",
      "resolved": "https://registry.npmjs.org/date-format-latest/-/date-format-latest-1.0.0.tgz",
      "integrity": "sha512-hVpF2iw0ZuayqIkTNB7oi9wj7ESNL7BRz5Tq8RR5W+o9AY/h19oNfbgYo/mi8pcaV6Pc+pTc/nWZj3S7bO++WQ=="
    }
  }
}
